PODS:
  - DeviceKit (5.1.0)
  - RxCocoa (5.1.3):
    - RxRelay (~> 5)
    - RxSwift (~> 5)
  - RxRelay (5.1.3):
    - RxSwift (~> 5)
  - RxSwift (5.1.3)
  - SnapKit (5.6.0)
  - Toast-Swift (5.0.1)
  - ZLPhotoBrowser (4.0.0):
    - ZLPhotoBrowser/Core (= 4.0.0)
  - ZLPhotoBrowser/Core (4.0.0)

DEPENDENCIES:
  - DeviceKit (~> 5.1)
  - RxCocoa (~> 5.0)
  - RxSwift (~> 5.0)
  - SnapKit (~> 5.6.0)
  - Toast-Swift (~> 5.0.1)
  - ZLPhotoBrowser (= 4.0.0)

SPEC REPOS:
  trunk:
    - DeviceKit
    - RxCocoa
    - RxRelay
    - RxSwift
    - SnapKit
    - Toast-Swift
    - ZLPhotoBrowser

SPEC CHECKSUMS:
  DeviceKit: bcce5c26d9502e77e3a9fa5d1282877db388d922
  RxCocoa: e2ed092d5432e4296aa818021d27de4090ac0354
  RxRelay: 5a18c2eb2d68326ebaf0112f80d837ae41b92b97
  RxSwift: 915abbdfb62214aa89ccd0b194d44fb478019b27
  SnapKit: e01d52ebb8ddbc333eefe2132acf85c8227d9c25
  Toast-Swift: 9b6a70f28b3bf0b96c40d46c0c4b9d6639846711
  ZLPhotoBrowser: 383552b21d32cd6394df95dbebd6a0bb51a028e4

PODFILE CHECKSUM: 128305e4497ba21a0d6a96b0ba92f31502294402

COCOAPODS: 1.13.0
