// !$*UTF8*$!
{
	archiveVersion = 1;
	classes = {
	};
	objectVersion = 56;
	objects = {

/* Begin PBXBuildFile section */
		081CD87F2A1EFEE000A6A0F8 /* TYFilterEditController.swift in Sources */ = {isa = PBXBuildFile; fileRef = 081CD87E2A1EFEE000A6A0F8 /* TYFilterEditController.swift */; };
		081CD8812A1F006E00A6A0F8 /* TYFilterModel.swift in Sources */ = {isa = PBXBuildFile; fileRef = 081CD8802A1F006E00A6A0F8 /* TYFilterModel.swift */; };
		08632A352A24C1E40010CC67 /* IrregularQuadrilateralView.swift in Sources */ = {isa = PBXBuildFile; fileRef = 08632A342A24C1E40010CC67 /* IrregularQuadrilateralView.swift */; };
		08632A372A24C2690010CC67 /* CircularView.swift in Sources */ = {isa = PBXBuildFile; fileRef = 08632A362A24C2690010CC67 /* CircularView.swift */; };
		0870C2F12A14A0AC00AC1793 /* TYMainViewController.swift in Sources */ = {isa = PBXBuildFile; fileRef = 0870C2F02A14A0AC00AC1793 /* TYMainViewController.swift */; };
		0870C2F42A14C55000AC1793 /* TYPictureStitchController.swift in Sources */ = {isa = PBXBuildFile; fileRef = 0870C2F32A14C55000AC1793 /* TYPictureStitchController.swift */; };
		0870C2F62A14CEFA00AC1793 /* TYNormalLayoutView.swift in Sources */ = {isa = PBXBuildFile; fileRef = 0870C2F52A14CEFA00AC1793 /* TYNormalLayoutView.swift */; };
		0870C2F82A14E64800AC1793 /* TYProportionCell.swift in Sources */ = {isa = PBXBuildFile; fileRef = 0870C2F72A14E64800AC1793 /* TYProportionCell.swift */; };
		0870C2FA2A15D52500AC1793 /* TYImageCollectView.swift in Sources */ = {isa = PBXBuildFile; fileRef = 0870C2F92A15D52500AC1793 /* TYImageCollectView.swift */; };
		0870C2FC2A15DF4300AC1793 /* TYImageScrollView.swift in Sources */ = {isa = PBXBuildFile; fileRef = 0870C2FB2A15DF4300AC1793 /* TYImageScrollView.swift */; };
		0870C2FE2A1B1E3600AC1793 /* TYOprationCell.swift in Sources */ = {isa = PBXBuildFile; fileRef = 0870C2FD2A1B1E3600AC1793 /* TYOprationCell.swift */; };
		0880101B2A1489B100FFCA18 /* AppDelegate.swift in Sources */ = {isa = PBXBuildFile; fileRef = 0880101A2A1489B100FFCA18 /* AppDelegate.swift */; };
		088010242A1489B100FFCA18 /* Assets.xcassets in Resources */ = {isa = PBXBuildFile; fileRef = 088010232A1489B100FFCA18 /* Assets.xcassets */; };
		088010272A1489B100FFCA18 /* LaunchScreen.storyboard in Resources */ = {isa = PBXBuildFile; fileRef = 088010252A1489B100FFCA18 /* LaunchScreen.storyboard */; };
		0883FA5B2A20B7EA0082A402 /* TYImageStickerView.swift in Sources */ = {isa = PBXBuildFile; fileRef = 0883FA5A2A20B7EA0082A402 /* TYImageStickerView.swift */; };
		0883FA5D2A20C1750082A402 /* TYTextStickerView.swift in Sources */ = {isa = PBXBuildFile; fileRef = 0883FA5C2A20C1740082A402 /* TYTextStickerView.swift */; };
		0883FA612A21CD6F0082A402 /* TYViewExtention.swift in Sources */ = {isa = PBXBuildFile; fileRef = 0883FA602A21CD6F0082A402 /* TYViewExtention.swift */; };
		0883FA632A21DC010082A402 /* TYTextEditController.swift in Sources */ = {isa = PBXBuildFile; fileRef = 0883FA622A21DC010082A402 /* TYTextEditController.swift */; };
		0887279E2A1B4ADF00F77D81 /* TYOprationEnum.swift in Sources */ = {isa = PBXBuildFile; fileRef = 0887279D2A1B4ADF00F77D81 /* TYOprationEnum.swift */; };
		088727A12A1B5C7E00F77D81 /* TYProportionEnum.swift in Sources */ = {isa = PBXBuildFile; fileRef = 088727A02A1B5C7E00F77D81 /* TYProportionEnum.swift */; };
		088727A32A1B668E00F77D81 /* TYEditInfo.swift in Sources */ = {isa = PBXBuildFile; fileRef = 088727A22A1B668E00F77D81 /* TYEditInfo.swift */; };
		088727A52A1B6DC100F77D81 /* TYBorderEditController.swift in Sources */ = {isa = PBXBuildFile; fileRef = 088727A42A1B6DC100F77D81 /* TYBorderEditController.swift */; };
		088727A92A1B8D4800F77D81 /* TYBorderEditView.swift in Sources */ = {isa = PBXBuildFile; fileRef = 088727A82A1B8D4800F77D81 /* TYBorderEditView.swift */; };
		088727AB2A1B8EC200F77D81 /* TYTextSliderView.swift in Sources */ = {isa = PBXBuildFile; fileRef = 088727AA2A1B8EC200F77D81 /* TYTextSliderView.swift */; };
		088727B02A1C9EB200F77D81 /* TYBorderCornerModel.swift in Sources */ = {isa = PBXBuildFile; fileRef = 088727AF2A1C9EB200F77D81 /* TYBorderCornerModel.swift */; };
		088727B42A1CE40300F77D81 /* TYLayoutEditController.swift in Sources */ = {isa = PBXBuildFile; fileRef = 088727B32A1CE40300F77D81 /* TYLayoutEditController.swift */; };
		088727B62A1D15C200F77D81 /* TYOprationEditController.swift in Sources */ = {isa = PBXBuildFile; fileRef = 088727B52A1D15C200F77D81 /* TYOprationEditController.swift */; };
		088727B82A1DB74C00F77D81 /* TYBaseViewController.swift in Sources */ = {isa = PBXBuildFile; fileRef = 088727B72A1DB74C00F77D81 /* TYBaseViewController.swift */; };
		088727BA2A1DBA0700F77D81 /* TYBaseView.swift in Sources */ = {isa = PBXBuildFile; fileRef = 088727B92A1DBA0700F77D81 /* TYBaseView.swift */; };
		088727BC2A1DC20400F77D81 /* TYLayoutEditCell.swift in Sources */ = {isa = PBXBuildFile; fileRef = 088727BB2A1DC20400F77D81 /* TYLayoutEditCell.swift */; };
		088727BE2A1DCE1100F77D81 /* TYLayoutEditEnum.swift in Sources */ = {isa = PBXBuildFile; fileRef = 088727BD2A1DCE1100F77D81 /* TYLayoutEditEnum.swift */; };
		088727C02A1DE89000F77D81 /* TYProportionEditController.swift in Sources */ = {isa = PBXBuildFile; fileRef = 088727BF2A1DE89000F77D81 /* TYProportionEditController.swift */; };
		088727C22A1DFF2E00F77D81 /* TYPictureBackgroundEditController.swift in Sources */ = {isa = PBXBuildFile; fileRef = 088727C12A1DFF2E00F77D81 /* TYPictureBackgroundEditController.swift */; };
		088727C42A1E00A300F77D81 /* TYBackgroundCell.swift in Sources */ = {isa = PBXBuildFile; fileRef = 088727C32A1E00A300F77D81 /* TYBackgroundCell.swift */; };
		088727C62A1E026900F77D81 /* TYBackgroundColorEnum.swift in Sources */ = {isa = PBXBuildFile; fileRef = 088727C52A1E026900F77D81 /* TYBackgroundColorEnum.swift */; };
		0893A9922A22F0270075B03C /* TYPictureFrameEditController.swift in Sources */ = {isa = PBXBuildFile; fileRef = 0893A9912A22F0270075B03C /* TYPictureFrameEditController.swift */; };
		0893A9942A239CF80075B03C /* TYBaseEditView.swift in Sources */ = {isa = PBXBuildFile; fileRef = 0893A9932A239CF80075B03C /* TYBaseEditView.swift */; };
		0893A9962A23A2F40075B03C /* TYEditViewProtocol.swift in Sources */ = {isa = PBXBuildFile; fileRef = 0893A9952A23A2F40075B03C /* TYEditViewProtocol.swift */; };
		08A4BEAA2A244D7400BBE622 /* TYLayoutView21.swift in Sources */ = {isa = PBXBuildFile; fileRef = 08A4BEA92A244D7400BBE622 /* TYLayoutView21.swift */; };
		08DE9B252A258B09006332EF /* TYLayoutView22.swift in Sources */ = {isa = PBXBuildFile; fileRef = 08DE9B242A258B09006332EF /* TYLayoutView22.swift */; };
		08DE9B272A258FAF006332EF /* TYShapes.swift in Sources */ = {isa = PBXBuildFile; fileRef = 08DE9B262A258FAF006332EF /* TYShapes.swift */; };
		08DE9B292A2594BD006332EF /* TYLayoutView23.swift in Sources */ = {isa = PBXBuildFile; fileRef = 08DE9B282A2594BD006332EF /* TYLayoutView23.swift */; };
		08DE9B2B2A25974E006332EF /* TYLayoutView24.swift in Sources */ = {isa = PBXBuildFile; fileRef = 08DE9B2A2A25974E006332EF /* TYLayoutView24.swift */; };
		08F5A6D22A1F00FD00200D6E /* TYFilterEnum.swift in Sources */ = {isa = PBXBuildFile; fileRef = 08F5A6D12A1F00FD00200D6E /* TYFilterEnum.swift */; };
		08F5A6D42A1F12AF00200D6E /* TYOprationAlertView.swift in Sources */ = {isa = PBXBuildFile; fileRef = 08F5A6D32A1F12AF00200D6E /* TYOprationAlertView.swift */; };
		08F5A6D62A1F250000200D6E /* TYImageFilterView.swift in Sources */ = {isa = PBXBuildFile; fileRef = 08F5A6D52A1F250000200D6E /* TYImageFilterView.swift */; };
		08F5A6DD2A206C9400200D6E /* TYStickerEditController.swift in Sources */ = {isa = PBXBuildFile; fileRef = 08F5A6DC2A206C9400200D6E /* TYStickerEditController.swift */; };
		08F5A6DF2A20A7BE00200D6E /* TYPanView.swift in Sources */ = {isa = PBXBuildFile; fileRef = 08F5A6DE2A20A7BE00200D6E /* TYPanView.swift */; };
		49D558BA9DDB2F6052E7CD9F /* Pods_TYPictureMaker.framework in Frameworks */ = {isa = PBXBuildFile; fileRef = B9D955D26BF82C4864B8E3BA /* Pods_TYPictureMaker.framework */; };
/* End PBXBuildFile section */

/* Begin PBXFileReference section */
		05264E615431AA850528777C /* Pods-TYPictureMaker.debug.xcconfig */ = {isa = PBXFileReference; includeInIndex = 1; lastKnownFileType = text.xcconfig; name = "Pods-TYPictureMaker.debug.xcconfig"; path = "Target Support Files/Pods-TYPictureMaker/Pods-TYPictureMaker.debug.xcconfig"; sourceTree = "<group>"; };
		081CD87E2A1EFEE000A6A0F8 /* TYFilterEditController.swift */ = {isa = PBXFileReference; lastKnownFileType = sourcecode.swift; path = TYFilterEditController.swift; sourceTree = "<group>"; };
		081CD8802A1F006E00A6A0F8 /* TYFilterModel.swift */ = {isa = PBXFileReference; lastKnownFileType = sourcecode.swift; path = TYFilterModel.swift; sourceTree = "<group>"; };
		08632A342A24C1E40010CC67 /* IrregularQuadrilateralView.swift */ = {isa = PBXFileReference; lastKnownFileType = sourcecode.swift; path = IrregularQuadrilateralView.swift; sourceTree = "<group>"; };
		08632A362A24C2690010CC67 /* CircularView.swift */ = {isa = PBXFileReference; lastKnownFileType = sourcecode.swift; path = CircularView.swift; sourceTree = "<group>"; };
		0870C2F02A14A0AC00AC1793 /* TYMainViewController.swift */ = {isa = PBXFileReference; lastKnownFileType = sourcecode.swift; path = TYMainViewController.swift; sourceTree = "<group>"; };
		0870C2F32A14C55000AC1793 /* TYPictureStitchController.swift */ = {isa = PBXFileReference; lastKnownFileType = sourcecode.swift; path = TYPictureStitchController.swift; sourceTree = "<group>"; };
		0870C2F52A14CEFA00AC1793 /* TYNormalLayoutView.swift */ = {isa = PBXFileReference; lastKnownFileType = sourcecode.swift; path = TYNormalLayoutView.swift; sourceTree = "<group>"; };
		0870C2F72A14E64800AC1793 /* TYProportionCell.swift */ = {isa = PBXFileReference; lastKnownFileType = sourcecode.swift; path = TYProportionCell.swift; sourceTree = "<group>"; };
		0870C2F92A15D52500AC1793 /* TYImageCollectView.swift */ = {isa = PBXFileReference; lastKnownFileType = sourcecode.swift; path = TYImageCollectView.swift; sourceTree = "<group>"; };
		0870C2FB2A15DF4300AC1793 /* TYImageScrollView.swift */ = {isa = PBXFileReference; lastKnownFileType = sourcecode.swift; path = TYImageScrollView.swift; sourceTree = "<group>"; };
		0870C2FD2A1B1E3600AC1793 /* TYOprationCell.swift */ = {isa = PBXFileReference; lastKnownFileType = sourcecode.swift; path = TYOprationCell.swift; sourceTree = "<group>"; };
		088010172A1489B100FFCA18 /* TYPictureMaker.app */ = {isa = PBXFileReference; explicitFileType = wrapper.application; includeInIndex = 0; path = TYPictureMaker.app; sourceTree = BUILT_PRODUCTS_DIR; };
		0880101A2A1489B100FFCA18 /* AppDelegate.swift */ = {isa = PBXFileReference; lastKnownFileType = sourcecode.swift; path = AppDelegate.swift; sourceTree = "<group>"; };
		088010232A1489B100FFCA18 /* Assets.xcassets */ = {isa = PBXFileReference; lastKnownFileType = folder.assetcatalog; path = Assets.xcassets; sourceTree = "<group>"; };
		088010262A1489B100FFCA18 /* Base */ = {isa = PBXFileReference; lastKnownFileType = file.storyboard; name = Base; path = Base.lproj/LaunchScreen.storyboard; sourceTree = "<group>"; };
		088010282A1489B100FFCA18 /* Info.plist */ = {isa = PBXFileReference; lastKnownFileType = text.plist.xml; path = Info.plist; sourceTree = "<group>"; };
		0883FA5A2A20B7EA0082A402 /* TYImageStickerView.swift */ = {isa = PBXFileReference; lastKnownFileType = sourcecode.swift; path = TYImageStickerView.swift; sourceTree = "<group>"; };
		0883FA5C2A20C1740082A402 /* TYTextStickerView.swift */ = {isa = PBXFileReference; lastKnownFileType = sourcecode.swift; path = TYTextStickerView.swift; sourceTree = "<group>"; };
		0883FA602A21CD6F0082A402 /* TYViewExtention.swift */ = {isa = PBXFileReference; lastKnownFileType = sourcecode.swift; path = TYViewExtention.swift; sourceTree = "<group>"; };
		0883FA622A21DC010082A402 /* TYTextEditController.swift */ = {isa = PBXFileReference; lastKnownFileType = sourcecode.swift; path = TYTextEditController.swift; sourceTree = "<group>"; };
		0887279D2A1B4ADF00F77D81 /* TYOprationEnum.swift */ = {isa = PBXFileReference; lastKnownFileType = sourcecode.swift; path = TYOprationEnum.swift; sourceTree = "<group>"; };
		088727A02A1B5C7E00F77D81 /* TYProportionEnum.swift */ = {isa = PBXFileReference; lastKnownFileType = sourcecode.swift; path = TYProportionEnum.swift; sourceTree = "<group>"; };
		088727A22A1B668E00F77D81 /* TYEditInfo.swift */ = {isa = PBXFileReference; lastKnownFileType = sourcecode.swift; path = TYEditInfo.swift; sourceTree = "<group>"; };
		088727A42A1B6DC100F77D81 /* TYBorderEditController.swift */ = {isa = PBXFileReference; lastKnownFileType = sourcecode.swift; path = TYBorderEditController.swift; sourceTree = "<group>"; };
		088727A82A1B8D4800F77D81 /* TYBorderEditView.swift */ = {isa = PBXFileReference; lastKnownFileType = sourcecode.swift; path = TYBorderEditView.swift; sourceTree = "<group>"; };
		088727AA2A1B8EC200F77D81 /* TYTextSliderView.swift */ = {isa = PBXFileReference; lastKnownFileType = sourcecode.swift; path = TYTextSliderView.swift; sourceTree = "<group>"; };
		088727AF2A1C9EB200F77D81 /* TYBorderCornerModel.swift */ = {isa = PBXFileReference; lastKnownFileType = sourcecode.swift; path = TYBorderCornerModel.swift; sourceTree = "<group>"; };
		088727B32A1CE40300F77D81 /* TYLayoutEditController.swift */ = {isa = PBXFileReference; lastKnownFileType = sourcecode.swift; path = TYLayoutEditController.swift; sourceTree = "<group>"; };
		088727B52A1D15C200F77D81 /* TYOprationEditController.swift */ = {isa = PBXFileReference; lastKnownFileType = sourcecode.swift; path = TYOprationEditController.swift; sourceTree = "<group>"; };
		088727B72A1DB74C00F77D81 /* TYBaseViewController.swift */ = {isa = PBXFileReference; lastKnownFileType = sourcecode.swift; path = TYBaseViewController.swift; sourceTree = "<group>"; };
		088727B92A1DBA0700F77D81 /* TYBaseView.swift */ = {isa = PBXFileReference; lastKnownFileType = sourcecode.swift; path = TYBaseView.swift; sourceTree = "<group>"; };
		088727BB2A1DC20400F77D81 /* TYLayoutEditCell.swift */ = {isa = PBXFileReference; lastKnownFileType = sourcecode.swift; path = TYLayoutEditCell.swift; sourceTree = "<group>"; };
		088727BD2A1DCE1100F77D81 /* TYLayoutEditEnum.swift */ = {isa = PBXFileReference; lastKnownFileType = sourcecode.swift; path = TYLayoutEditEnum.swift; sourceTree = "<group>"; };
		088727BF2A1DE89000F77D81 /* TYProportionEditController.swift */ = {isa = PBXFileReference; lastKnownFileType = sourcecode.swift; path = TYProportionEditController.swift; sourceTree = "<group>"; };
		088727C12A1DFF2E00F77D81 /* TYPictureBackgroundEditController.swift */ = {isa = PBXFileReference; lastKnownFileType = sourcecode.swift; path = TYPictureBackgroundEditController.swift; sourceTree = "<group>"; };
		088727C32A1E00A300F77D81 /* TYBackgroundCell.swift */ = {isa = PBXFileReference; lastKnownFileType = sourcecode.swift; path = TYBackgroundCell.swift; sourceTree = "<group>"; };
		088727C52A1E026900F77D81 /* TYBackgroundColorEnum.swift */ = {isa = PBXFileReference; lastKnownFileType = sourcecode.swift; path = TYBackgroundColorEnum.swift; sourceTree = "<group>"; };
		0893A9912A22F0270075B03C /* TYPictureFrameEditController.swift */ = {isa = PBXFileReference; lastKnownFileType = sourcecode.swift; path = TYPictureFrameEditController.swift; sourceTree = "<group>"; };
		0893A9932A239CF80075B03C /* TYBaseEditView.swift */ = {isa = PBXFileReference; lastKnownFileType = sourcecode.swift; path = TYBaseEditView.swift; sourceTree = "<group>"; };
		0893A9952A23A2F40075B03C /* TYEditViewProtocol.swift */ = {isa = PBXFileReference; lastKnownFileType = sourcecode.swift; path = TYEditViewProtocol.swift; sourceTree = "<group>"; };
		08A4BEA92A244D7400BBE622 /* TYLayoutView21.swift */ = {isa = PBXFileReference; lastKnownFileType = sourcecode.swift; path = TYLayoutView21.swift; sourceTree = "<group>"; };
		08DE9B242A258B09006332EF /* TYLayoutView22.swift */ = {isa = PBXFileReference; lastKnownFileType = sourcecode.swift; path = TYLayoutView22.swift; sourceTree = "<group>"; };
		08DE9B262A258FAF006332EF /* TYShapes.swift */ = {isa = PBXFileReference; lastKnownFileType = sourcecode.swift; path = TYShapes.swift; sourceTree = "<group>"; };
		08DE9B282A2594BD006332EF /* TYLayoutView23.swift */ = {isa = PBXFileReference; fileEncoding = 4; lastKnownFileType = sourcecode.swift; path = TYLayoutView23.swift; sourceTree = "<group>"; };
		08DE9B2A2A25974E006332EF /* TYLayoutView24.swift */ = {isa = PBXFileReference; fileEncoding = 4; lastKnownFileType = sourcecode.swift; path = TYLayoutView24.swift; sourceTree = "<group>"; };
		08F5A6D12A1F00FD00200D6E /* TYFilterEnum.swift */ = {isa = PBXFileReference; lastKnownFileType = sourcecode.swift; path = TYFilterEnum.swift; sourceTree = "<group>"; };
		08F5A6D32A1F12AF00200D6E /* TYOprationAlertView.swift */ = {isa = PBXFileReference; lastKnownFileType = sourcecode.swift; path = TYOprationAlertView.swift; sourceTree = "<group>"; };
		08F5A6D52A1F250000200D6E /* TYImageFilterView.swift */ = {isa = PBXFileReference; lastKnownFileType = sourcecode.swift; path = TYImageFilterView.swift; sourceTree = "<group>"; };
		08F5A6DC2A206C9400200D6E /* TYStickerEditController.swift */ = {isa = PBXFileReference; lastKnownFileType = sourcecode.swift; path = TYStickerEditController.swift; sourceTree = "<group>"; };
		08F5A6DE2A20A7BE00200D6E /* TYPanView.swift */ = {isa = PBXFileReference; lastKnownFileType = sourcecode.swift; path = TYPanView.swift; sourceTree = "<group>"; };
		484BF3AB2319ECA8E46487F6 /* Pods-TYPictureMaker.release.xcconfig */ = {isa = PBXFileReference; includeInIndex = 1; lastKnownFileType = text.xcconfig; name = "Pods-TYPictureMaker.release.xcconfig"; path = "Target Support Files/Pods-TYPictureMaker/Pods-TYPictureMaker.release.xcconfig"; sourceTree = "<group>"; };
		B9D955D26BF82C4864B8E3BA /* Pods_TYPictureMaker.framework */ = {isa = PBXFileReference; explicitFileType = wrapper.framework; includeInIndex = 0; path = Pods_TYPictureMaker.framework; sourceTree = BUILT_PRODUCTS_DIR; };
/* End PBXFileReference section */

/* Begin PBXFrameworksBuildPhase section */
		088010142A1489B100FFCA18 /* Frameworks */ = {
			isa = PBXFrameworksBuildPhase;
			buildActionMask = 2147483647;
			files = (
				49D558BA9DDB2F6052E7CD9F /* Pods_TYPictureMaker.framework in Frameworks */,
			);
			runOnlyForDeploymentPostprocessing = 0;
		};
/* End PBXFrameworksBuildPhase section */

/* Begin PBXGroup section */
		0870C2EC2A14A03B00AC1793 /* Views */ = {
			isa = PBXGroup;
			children = (
				08A4BEA62A244B1000BBE622 /* layoutViews */,
				088727C32A1E00A300F77D81 /* TYBackgroundCell.swift */,
				0870C2F72A14E64800AC1793 /* TYProportionCell.swift */,
				0870C2FD2A1B1E3600AC1793 /* TYOprationCell.swift */,
				0870C2F92A15D52500AC1793 /* TYImageCollectView.swift */,
				0870C2FB2A15DF4300AC1793 /* TYImageScrollView.swift */,
				088727A82A1B8D4800F77D81 /* TYBorderEditView.swift */,
				088727AA2A1B8EC200F77D81 /* TYTextSliderView.swift */,
				088727BB2A1DC20400F77D81 /* TYLayoutEditCell.swift */,
				08F5A6D32A1F12AF00200D6E /* TYOprationAlertView.swift */,
				08F5A6DE2A20A7BE00200D6E /* TYPanView.swift */,
				0883FA5A2A20B7EA0082A402 /* TYImageStickerView.swift */,
				0883FA5C2A20C1740082A402 /* TYTextStickerView.swift */,
				08632A342A24C1E40010CC67 /* IrregularQuadrilateralView.swift */,
				08632A362A24C2690010CC67 /* CircularView.swift */,
			);
			path = Views;
			sourceTree = "<group>";
		};
		0870C2ED2A14A04600AC1793 /* Models */ = {
			isa = PBXGroup;
			children = (
				088727A22A1B668E00F77D81 /* TYEditInfo.swift */,
				088727AF2A1C9EB200F77D81 /* TYBorderCornerModel.swift */,
				081CD8802A1F006E00A6A0F8 /* TYFilterModel.swift */,
			);
			path = Models;
			sourceTree = "<group>";
		};
		0870C2EE2A14A04C00AC1793 /* Controllers */ = {
			isa = PBXGroup;
			children = (
				0870C2F02A14A0AC00AC1793 /* TYMainViewController.swift */,
				0870C2F32A14C55000AC1793 /* TYPictureStitchController.swift */,
				088727C12A1DFF2E00F77D81 /* TYPictureBackgroundEditController.swift */,
				088727B52A1D15C200F77D81 /* TYOprationEditController.swift */,
				088727A42A1B6DC100F77D81 /* TYBorderEditController.swift */,
				088727B32A1CE40300F77D81 /* TYLayoutEditController.swift */,
				088727BF2A1DE89000F77D81 /* TYProportionEditController.swift */,
				081CD87E2A1EFEE000A6A0F8 /* TYFilterEditController.swift */,
				0883FA622A21DC010082A402 /* TYTextEditController.swift */,
				08F5A6DC2A206C9400200D6E /* TYStickerEditController.swift */,
				0893A9912A22F0270075B03C /* TYPictureFrameEditController.swift */,
			);
			path = Controllers;
			sourceTree = "<group>";
		};
		0870C2EF2A14A05500AC1793 /* App */ = {
			isa = PBXGroup;
			children = (
				0880101A2A1489B100FFCA18 /* AppDelegate.swift */,
				088010282A1489B100FFCA18 /* Info.plist */,
			);
			path = App;
			sourceTree = "<group>";
		};
		0870C2F22A14A0F800AC1793 /* Resources */ = {
			isa = PBXGroup;
			children = (
				088010232A1489B100FFCA18 /* Assets.xcassets */,
				088010252A1489B100FFCA18 /* LaunchScreen.storyboard */,
			);
			path = Resources;
			sourceTree = "<group>";
		};
		0870C3012A1B4AAB00AC1793 /* Common */ = {
			isa = PBXGroup;
			children = (
				0887279D2A1B4ADF00F77D81 /* TYOprationEnum.swift */,
				088727A02A1B5C7E00F77D81 /* TYProportionEnum.swift */,
				088727BD2A1DCE1100F77D81 /* TYLayoutEditEnum.swift */,
				08F5A6D12A1F00FD00200D6E /* TYFilterEnum.swift */,
				08DE9B262A258FAF006332EF /* TYShapes.swift */,
				088727C52A1E026900F77D81 /* TYBackgroundColorEnum.swift */,
				088727B72A1DB74C00F77D81 /* TYBaseViewController.swift */,
				088727B92A1DBA0700F77D81 /* TYBaseView.swift */,
				08F5A6D52A1F250000200D6E /* TYImageFilterView.swift */,
				0883FA602A21CD6F0082A402 /* TYViewExtention.swift */,
				0893A9952A23A2F40075B03C /* TYEditViewProtocol.swift */,
			);
			path = Common;
			sourceTree = "<group>";
		};
		0880100E2A1489B000FFCA18 = {
			isa = PBXGroup;
			children = (
				088010192A1489B100FFCA18 /* TYPictureMaker */,
				088010182A1489B100FFCA18 /* Products */,
				3D0B8B72E956EFF8F9AEF4F3 /* Pods */,
				101230FA1DCD430A93B83E65 /* Frameworks */,
			);
			sourceTree = "<group>";
		};
		088010182A1489B100FFCA18 /* Products */ = {
			isa = PBXGroup;
			children = (
				088010172A1489B100FFCA18 /* TYPictureMaker.app */,
			);
			name = Products;
			sourceTree = "<group>";
		};
		088010192A1489B100FFCA18 /* TYPictureMaker */ = {
			isa = PBXGroup;
			children = (
				0870C3012A1B4AAB00AC1793 /* Common */,
				0870C2EF2A14A05500AC1793 /* App */,
				0870C2EE2A14A04C00AC1793 /* Controllers */,
				0870C2ED2A14A04600AC1793 /* Models */,
				0870C2EC2A14A03B00AC1793 /* Views */,
				0870C2F22A14A0F800AC1793 /* Resources */,
			);
			path = TYPictureMaker;
			sourceTree = "<group>";
		};
		08A4BEA62A244B1000BBE622 /* layoutViews */ = {
			isa = PBXGroup;
			children = (
				0893A9932A239CF80075B03C /* TYBaseEditView.swift */,
				0870C2F52A14CEFA00AC1793 /* TYNormalLayoutView.swift */,
				08A4BEA92A244D7400BBE622 /* TYLayoutView21.swift */,
				08DE9B242A258B09006332EF /* TYLayoutView22.swift */,
				08DE9B282A2594BD006332EF /* TYLayoutView23.swift */,
				08DE9B2A2A25974E006332EF /* TYLayoutView24.swift */,
			);
			path = layoutViews;
			sourceTree = "<group>";
		};
		101230FA1DCD430A93B83E65 /* Frameworks */ = {
			isa = PBXGroup;
			children = (
				B9D955D26BF82C4864B8E3BA /* Pods_TYPictureMaker.framework */,
			);
			name = Frameworks;
			sourceTree = "<group>";
		};
		3D0B8B72E956EFF8F9AEF4F3 /* Pods */ = {
			isa = PBXGroup;
			children = (
				05264E615431AA850528777C /* Pods-TYPictureMaker.debug.xcconfig */,
				484BF3AB2319ECA8E46487F6 /* Pods-TYPictureMaker.release.xcconfig */,
			);
			path = Pods;
			sourceTree = "<group>";
		};
/* End PBXGroup section */

/* Begin PBXNativeTarget section */
		088010162A1489B100FFCA18 /* TYPictureMaker */ = {
			isa = PBXNativeTarget;
			buildConfigurationList = 0880102B2A1489B100FFCA18 /* Build configuration list for PBXNativeTarget "TYPictureMaker" */;
			buildPhases = (
				5413DA6C29FDBE2C5246907A /* [CP] Check Pods Manifest.lock */,
				088010132A1489B100FFCA18 /* Sources */,
				088010142A1489B100FFCA18 /* Frameworks */,
				088010152A1489B100FFCA18 /* Resources */,
				BDD0334B140CF3632CCCCAD3 /* [CP] Embed Pods Frameworks */,
			);
			buildRules = (
			);
			dependencies = (
			);
			name = TYPictureMaker;
			productName = TYPictureMaker;
			productReference = 088010172A1489B100FFCA18 /* TYPictureMaker.app */;
			productType = "com.apple.product-type.application";
		};
/* End PBXNativeTarget section */

/* Begin PBXProject section */
		0880100F2A1489B000FFCA18 /* Project object */ = {
			isa = PBXProject;
			attributes = {
				BuildIndependentTargetsInParallel = 1;
				CLASSPREFIX = TY;
				LastSwiftUpdateCheck = 1410;
				LastUpgradeCheck = 1410;
				TargetAttributes = {
					088010162A1489B100FFCA18 = {
						CreatedOnToolsVersion = 14.1;
					};
				};
			};
			buildConfigurationList = 088010122A1489B000FFCA18 /* Build configuration list for PBXProject "TYPictureMaker" */;
			compatibilityVersion = "Xcode 14.0";
			developmentRegion = en;
			hasScannedForEncodings = 0;
			knownRegions = (
				en,
				Base,
			);
			mainGroup = 0880100E2A1489B000FFCA18;
			productRefGroup = 088010182A1489B100FFCA18 /* Products */;
			projectDirPath = "";
			projectRoot = "";
			targets = (
				088010162A1489B100FFCA18 /* TYPictureMaker */,
			);
		};
/* End PBXProject section */

/* Begin PBXResourcesBuildPhase section */
		088010152A1489B100FFCA18 /* Resources */ = {
			isa = PBXResourcesBuildPhase;
			buildActionMask = 2147483647;
			files = (
				088010272A1489B100FFCA18 /* LaunchScreen.storyboard in Resources */,
				088010242A1489B100FFCA18 /* Assets.xcassets in Resources */,
			);
			runOnlyForDeploymentPostprocessing = 0;
		};
/* End PBXResourcesBuildPhase section */

/* Begin PBXShellScriptBuildPhase section */
		5413DA6C29FDBE2C5246907A /* [CP] Check Pods Manifest.lock */ = {
			isa = PBXShellScriptBuildPhase;
			buildActionMask = 2147483647;
			files = (
			);
			inputFileListPaths = (
			);
			inputPaths = (
				"${PODS_PODFILE_DIR_PATH}/Podfile.lock",
				"${PODS_ROOT}/Manifest.lock",
			);
			name = "[CP] Check Pods Manifest.lock";
			outputFileListPaths = (
			);
			outputPaths = (
				"$(DERIVED_FILE_DIR)/Pods-TYPictureMaker-checkManifestLockResult.txt",
			);
			runOnlyForDeploymentPostprocessing = 0;
			shellPath = /bin/sh;
			shellScript = "diff \"${PODS_PODFILE_DIR_PATH}/Podfile.lock\" \"${PODS_ROOT}/Manifest.lock\" > /dev/null\nif [ $? != 0 ] ; then\n    # print error to STDERR\n    echo \"error: The sandbox is not in sync with the Podfile.lock. Run 'pod install' or update your CocoaPods installation.\" >&2\n    exit 1\nfi\n# This output is used by Xcode 'outputs' to avoid re-running this script phase.\necho \"SUCCESS\" > \"${SCRIPT_OUTPUT_FILE_0}\"\n";
			showEnvVarsInLog = 0;
		};
		BDD0334B140CF3632CCCCAD3 /* [CP] Embed Pods Frameworks */ = {
			isa = PBXShellScriptBuildPhase;
			buildActionMask = 2147483647;
			files = (
			);
			inputFileListPaths = (
				"${PODS_ROOT}/Target Support Files/Pods-TYPictureMaker/Pods-TYPictureMaker-frameworks-${CONFIGURATION}-input-files.xcfilelist",
			);
			name = "[CP] Embed Pods Frameworks";
			outputFileListPaths = (
				"${PODS_ROOT}/Target Support Files/Pods-TYPictureMaker/Pods-TYPictureMaker-frameworks-${CONFIGURATION}-output-files.xcfilelist",
			);
			runOnlyForDeploymentPostprocessing = 0;
			shellPath = /bin/sh;
			shellScript = "\"${PODS_ROOT}/Target Support Files/Pods-TYPictureMaker/Pods-TYPictureMaker-frameworks.sh\"\n";
			showEnvVarsInLog = 0;
		};
/* End PBXShellScriptBuildPhase section */

/* Begin PBXSourcesBuildPhase section */
		088010132A1489B100FFCA18 /* Sources */ = {
			isa = PBXSourcesBuildPhase;
			buildActionMask = 2147483647;
			files = (
				0883FA5D2A20C1750082A402 /* TYTextStickerView.swift in Sources */,
				088727BE2A1DCE1100F77D81 /* TYLayoutEditEnum.swift in Sources */,
				08DE9B272A258FAF006332EF /* TYShapes.swift in Sources */,
				088727A52A1B6DC100F77D81 /* TYBorderEditController.swift in Sources */,
				0870C2FE2A1B1E3600AC1793 /* TYOprationCell.swift in Sources */,
				08F5A6D62A1F250000200D6E /* TYImageFilterView.swift in Sources */,
				0883FA5B2A20B7EA0082A402 /* TYImageStickerView.swift in Sources */,
				0870C2F12A14A0AC00AC1793 /* TYMainViewController.swift in Sources */,
				0870C2FC2A15DF4300AC1793 /* TYImageScrollView.swift in Sources */,
				08F5A6D22A1F00FD00200D6E /* TYFilterEnum.swift in Sources */,
				088727A32A1B668E00F77D81 /* TYEditInfo.swift in Sources */,
				08632A352A24C1E40010CC67 /* IrregularQuadrilateralView.swift in Sources */,
				08DE9B292A2594BD006332EF /* TYLayoutView23.swift in Sources */,
				0870C2F42A14C55000AC1793 /* TYPictureStitchController.swift in Sources */,
				0870C2F62A14CEFA00AC1793 /* TYNormalLayoutView.swift in Sources */,
				088727C62A1E026900F77D81 /* TYBackgroundColorEnum.swift in Sources */,
				0883FA612A21CD6F0082A402 /* TYViewExtention.swift in Sources */,
				088727AB2A1B8EC200F77D81 /* TYTextSliderView.swift in Sources */,
				088727C22A1DFF2E00F77D81 /* TYPictureBackgroundEditController.swift in Sources */,
				088727A92A1B8D4800F77D81 /* TYBorderEditView.swift in Sources */,
				088727B02A1C9EB200F77D81 /* TYBorderCornerModel.swift in Sources */,
				0870C2F82A14E64800AC1793 /* TYProportionCell.swift in Sources */,
				081CD87F2A1EFEE000A6A0F8 /* TYFilterEditController.swift in Sources */,
				08F5A6DF2A20A7BE00200D6E /* TYPanView.swift in Sources */,
				08F5A6DD2A206C9400200D6E /* TYStickerEditController.swift in Sources */,
				088727BA2A1DBA0700F77D81 /* TYBaseView.swift in Sources */,
				088727C42A1E00A300F77D81 /* TYBackgroundCell.swift in Sources */,
				0893A9942A239CF80075B03C /* TYBaseEditView.swift in Sources */,
				0887279E2A1B4ADF00F77D81 /* TYOprationEnum.swift in Sources */,
				08DE9B252A258B09006332EF /* TYLayoutView22.swift in Sources */,
				088727B42A1CE40300F77D81 /* TYLayoutEditController.swift in Sources */,
				0893A9922A22F0270075B03C /* TYPictureFrameEditController.swift in Sources */,
				088727BC2A1DC20400F77D81 /* TYLayoutEditCell.swift in Sources */,
				081CD8812A1F006E00A6A0F8 /* TYFilterModel.swift in Sources */,
				088727A12A1B5C7E00F77D81 /* TYProportionEnum.swift in Sources */,
				088727B62A1D15C200F77D81 /* TYOprationEditController.swift in Sources */,
				08A4BEAA2A244D7400BBE622 /* TYLayoutView21.swift in Sources */,
				08F5A6D42A1F12AF00200D6E /* TYOprationAlertView.swift in Sources */,
				088727C02A1DE89000F77D81 /* TYProportionEditController.swift in Sources */,
				0870C2FA2A15D52500AC1793 /* TYImageCollectView.swift in Sources */,
				08632A372A24C2690010CC67 /* CircularView.swift in Sources */,
				08DE9B2B2A25974E006332EF /* TYLayoutView24.swift in Sources */,
				0883FA632A21DC010082A402 /* TYTextEditController.swift in Sources */,
				0880101B2A1489B100FFCA18 /* AppDelegate.swift in Sources */,
				088727B82A1DB74C00F77D81 /* TYBaseViewController.swift in Sources */,
				0893A9962A23A2F40075B03C /* TYEditViewProtocol.swift in Sources */,
			);
			runOnlyForDeploymentPostprocessing = 0;
		};
/* End PBXSourcesBuildPhase section */

/* Begin PBXVariantGroup section */
		088010252A1489B100FFCA18 /* LaunchScreen.storyboard */ = {
			isa = PBXVariantGroup;
			children = (
				088010262A1489B100FFCA18 /* Base */,
			);
			name = LaunchScreen.storyboard;
			sourceTree = "<group>";
		};
/* End PBXVariantGroup section */

/* Begin XCBuildConfiguration section */
		088010292A1489B100FFCA18 /* Debug */ = {
			isa = XCBuildConfiguration;
			buildSettings = {
				ALWAYS_SEARCH_USER_PATHS = NO;
				CLANG_ANALYZER_NONNULL = YES;
				CLANG_ANALYZER_NUMBER_OBJECT_CONVERSION = YES_AGGRESSIVE;
				CLANG_CXX_LANGUAGE_STANDARD = "gnu++20";
				CLANG_ENABLE_MODULES = YES;
				CLANG_ENABLE_OBJC_ARC = YES;
				CLANG_ENABLE_OBJC_WEAK = YES;
				CLANG_WARN_BLOCK_CAPTURE_AUTORELEASING = YES;
				CLANG_WARN_BOOL_CONVERSION = YES;
				CLANG_WARN_COMMA = YES;
				CLANG_WARN_CONSTANT_CONVERSION = YES;
				CLANG_WARN_DEPRECATED_OBJC_IMPLEMENTATIONS = YES;
				CLANG_WARN_DIRECT_OBJC_ISA_USAGE = YES_ERROR;
				CLANG_WARN_DOCUMENTATION_COMMENTS = YES;
				CLANG_WARN_EMPTY_BODY = YES;
				CLANG_WARN_ENUM_CONVERSION = YES;
				CLANG_WARN_INFINITE_RECURSION = YES;
				CLANG_WARN_INT_CONVERSION = YES;
				CLANG_WARN_NON_LITERAL_NULL_CONVERSION = YES;
				CLANG_WARN_OBJC_IMPLICIT_RETAIN_SELF = YES;
				CLANG_WARN_OBJC_LITERAL_CONVERSION = YES;
				CLANG_WARN_OBJC_ROOT_CLASS = YES_ERROR;
				CLANG_WARN_QUOTED_INCLUDE_IN_FRAMEWORK_HEADER = YES;
				CLANG_WARN_RANGE_LOOP_ANALYSIS = YES;
				CLANG_WARN_STRICT_PROTOTYPES = YES;
				CLANG_WARN_SUSPICIOUS_MOVE = YES;
				CLANG_WARN_UNGUARDED_AVAILABILITY = YES_AGGRESSIVE;
				CLANG_WARN_UNREACHABLE_CODE = YES;
				CLANG_WARN__DUPLICATE_METHOD_MATCH = YES;
				COPY_PHASE_STRIP = NO;
				DEBUG_INFORMATION_FORMAT = dwarf;
				ENABLE_STRICT_OBJC_MSGSEND = YES;
				ENABLE_TESTABILITY = YES;
				GCC_C_LANGUAGE_STANDARD = gnu11;
				GCC_DYNAMIC_NO_PIC = NO;
				GCC_NO_COMMON_BLOCKS = YES;
				GCC_OPTIMIZATION_LEVEL = 0;
				GCC_PREPROCESSOR_DEFINITIONS = (
					"DEBUG=1",
					"$(inherited)",
				);
				GCC_WARN_64_TO_32_BIT_CONVERSION = YES;
				GCC_WARN_ABOUT_RETURN_TYPE = YES_ERROR;
				GCC_WARN_UNDECLARED_SELECTOR = YES;
				GCC_WARN_UNINITIALIZED_AUTOS = YES_AGGRESSIVE;
				GCC_WARN_UNUSED_FUNCTION = YES;
				GCC_WARN_UNUSED_VARIABLE = YES;
				IPHONEOS_DEPLOYMENT_TARGET = 16.1;
				MTL_ENABLE_DEBUG_INFO = INCLUDE_SOURCE;
				MTL_FAST_MATH = YES;
				ONLY_ACTIVE_ARCH = YES;
				SDKROOT = iphoneos;
				SWIFT_ACTIVE_COMPILATION_CONDITIONS = DEBUG;
				SWIFT_OPTIMIZATION_LEVEL = "-Onone";
			};
			name = Debug;
		};
		0880102A2A1489B100FFCA18 /* Release */ = {
			isa = XCBuildConfiguration;
			buildSettings = {
				ALWAYS_SEARCH_USER_PATHS = NO;
				CLANG_ANALYZER_NONNULL = YES;
				CLANG_ANALYZER_NUMBER_OBJECT_CONVERSION = YES_AGGRESSIVE;
				CLANG_CXX_LANGUAGE_STANDARD = "gnu++20";
				CLANG_ENABLE_MODULES = YES;
				CLANG_ENABLE_OBJC_ARC = YES;
				CLANG_ENABLE_OBJC_WEAK = YES;
				CLANG_WARN_BLOCK_CAPTURE_AUTORELEASING = YES;
				CLANG_WARN_BOOL_CONVERSION = YES;
				CLANG_WARN_COMMA = YES;
				CLANG_WARN_CONSTANT_CONVERSION = YES;
				CLANG_WARN_DEPRECATED_OBJC_IMPLEMENTATIONS = YES;
				CLANG_WARN_DIRECT_OBJC_ISA_USAGE = YES_ERROR;
				CLANG_WARN_DOCUMENTATION_COMMENTS = YES;
				CLANG_WARN_EMPTY_BODY = YES;
				CLANG_WARN_ENUM_CONVERSION = YES;
				CLANG_WARN_INFINITE_RECURSION = YES;
				CLANG_WARN_INT_CONVERSION = YES;
				CLANG_WARN_NON_LITERAL_NULL_CONVERSION = YES;
				CLANG_WARN_OBJC_IMPLICIT_RETAIN_SELF = YES;
				CLANG_WARN_OBJC_LITERAL_CONVERSION = YES;
				CLANG_WARN_OBJC_ROOT_CLASS = YES_ERROR;
				CLANG_WARN_QUOTED_INCLUDE_IN_FRAMEWORK_HEADER = YES;
				CLANG_WARN_RANGE_LOOP_ANALYSIS = YES;
				CLANG_WARN_STRICT_PROTOTYPES = YES;
				CLANG_WARN_SUSPICIOUS_MOVE = YES;
				CLANG_WARN_UNGUARDED_AVAILABILITY = YES_AGGRESSIVE;
				CLANG_WARN_UNREACHABLE_CODE = YES;
				CLANG_WARN__DUPLICATE_METHOD_MATCH = YES;
				COPY_PHASE_STRIP = NO;
				DEBUG_INFORMATION_FORMAT = "dwarf-with-dsym";
				ENABLE_NS_ASSERTIONS = NO;
				ENABLE_STRICT_OBJC_MSGSEND = YES;
				GCC_C_LANGUAGE_STANDARD = gnu11;
				GCC_NO_COMMON_BLOCKS = YES;
				GCC_WARN_64_TO_32_BIT_CONVERSION = YES;
				GCC_WARN_ABOUT_RETURN_TYPE = YES_ERROR;
				GCC_WARN_UNDECLARED_SELECTOR = YES;
				GCC_WARN_UNINITIALIZED_AUTOS = YES_AGGRESSIVE;
				GCC_WARN_UNUSED_FUNCTION = YES;
				GCC_WARN_UNUSED_VARIABLE = YES;
				IPHONEOS_DEPLOYMENT_TARGET = 16.1;
				MTL_ENABLE_DEBUG_INFO = NO;
				MTL_FAST_MATH = YES;
				SDKROOT = iphoneos;
				SWIFT_COMPILATION_MODE = wholemodule;
				SWIFT_OPTIMIZATION_LEVEL = "-O";
				VALIDATE_PRODUCT = YES;
			};
			name = Release;
		};
		0880102C2A1489B100FFCA18 /* Debug */ = {
			isa = XCBuildConfiguration;
			baseConfigurationReference = 05264E615431AA850528777C /* Pods-TYPictureMaker.debug.xcconfig */;
			buildSettings = {
				ASSETCATALOG_COMPILER_APPICON_NAME = AppIcon;
				ASSETCATALOG_COMPILER_GLOBAL_ACCENT_COLOR_NAME = AccentColor;
				CODE_SIGN_STYLE = Automatic;
				CURRENT_PROJECT_VERSION = 1;
				DEVELOPMENT_TEAM = CJ5L2XW65B;
				GENERATE_INFOPLIST_FILE = YES;
				INFOPLIST_FILE = TYPictureMaker/App/Info.plist;
				INFOPLIST_KEY_UIApplicationSupportsIndirectInputEvents = YES;
				INFOPLIST_KEY_UILaunchStoryboardName = LaunchScreen;
				INFOPLIST_KEY_UISupportedInterfaceOrientations_iPad = "UIInterfaceOrientationPortrait UIInterfaceOrientationPortraitUpsideDown UIInterfaceOrientationLandscapeLeft UIInterfaceOrientationLandscapeRight";
				INFOPLIST_KEY_UISupportedInterfaceOrientations_iPhone = "UIInterfaceOrientationPortrait UIInterfaceOrientationLandscapeLeft UIInterfaceOrientationLandscapeRight";
				IPHONEOS_DEPLOYMENT_TARGET = 11.0;
				LD_RUNPATH_SEARCH_PATHS = (
					"$(inherited)",
					"@executable_path/Frameworks",
				);
				MARKETING_VERSION = 1.0;
				PRODUCT_BUNDLE_IDENTIFIER = top.sheldon.TYPictureMaker;
				PRODUCT_NAME = "$(TARGET_NAME)";
				SUPPORTED_PLATFORMS = "iphoneos iphonesimulator";
				SUPPORTS_MACCATALYST = NO;
				SUPPORTS_MAC_DESIGNED_FOR_IPHONE_IPAD = NO;
				SWIFT_EMIT_LOC_STRINGS = YES;
				SWIFT_VERSION = 5.0;
				TARGETED_DEVICE_FAMILY = "1,2";
			};
			name = Debug;
		};
		0880102D2A1489B100FFCA18 /* Release */ = {
			isa = XCBuildConfiguration;
			baseConfigurationReference = 484BF3AB2319ECA8E46487F6 /* Pods-TYPictureMaker.release.xcconfig */;
			buildSettings = {
				ASSETCATALOG_COMPILER_APPICON_NAME = AppIcon;
				ASSETCATALOG_COMPILER_GLOBAL_ACCENT_COLOR_NAME = AccentColor;
				CODE_SIGN_STYLE = Automatic;
				CURRENT_PROJECT_VERSION = 1;
				DEVELOPMENT_TEAM = CJ5L2XW65B;
				GENERATE_INFOPLIST_FILE = YES;
				INFOPLIST_FILE = TYPictureMaker/App/Info.plist;
				INFOPLIST_KEY_UIApplicationSupportsIndirectInputEvents = YES;
				INFOPLIST_KEY_UILaunchStoryboardName = LaunchScreen;
				INFOPLIST_KEY_UISupportedInterfaceOrientations_iPad = "UIInterfaceOrientationPortrait UIInterfaceOrientationPortraitUpsideDown UIInterfaceOrientationLandscapeLeft UIInterfaceOrientationLandscapeRight";
				INFOPLIST_KEY_UISupportedInterfaceOrientations_iPhone = "UIInterfaceOrientationPortrait UIInterfaceOrientationLandscapeLeft UIInterfaceOrientationLandscapeRight";
				IPHONEOS_DEPLOYMENT_TARGET = 11.0;
				LD_RUNPATH_SEARCH_PATHS = (
					"$(inherited)",
					"@executable_path/Frameworks",
				);
				MARKETING_VERSION = 1.0;
				PRODUCT_BUNDLE_IDENTIFIER = top.sheldon.TYPictureMaker;
				PRODUCT_NAME = "$(TARGET_NAME)";
				SUPPORTED_PLATFORMS = "iphoneos iphonesimulator";
				SUPPORTS_MACCATALYST = NO;
				SUPPORTS_MAC_DESIGNED_FOR_IPHONE_IPAD = NO;
				SWIFT_EMIT_LOC_STRINGS = YES;
				SWIFT_VERSION = 5.0;
				TARGETED_DEVICE_FAMILY = "1,2";
			};
			name = Release;
		};
/* End XCBuildConfiguration section */

/* Begin XCConfigurationList section */
		088010122A1489B000FFCA18 /* Build configuration list for PBXProject "TYPictureMaker" */ = {
			isa = XCConfigurationList;
			buildConfigurations = (
				088010292A1489B100FFCA18 /* Debug */,
				0880102A2A1489B100FFCA18 /* Release */,
			);
			defaultConfigurationIsVisible = 0;
			defaultConfigurationName = Release;
		};
		0880102B2A1489B100FFCA18 /* Build configuration list for PBXNativeTarget "TYPictureMaker" */ = {
			isa = XCConfigurationList;
			buildConfigurations = (
				0880102C2A1489B100FFCA18 /* Debug */,
				0880102D2A1489B100FFCA18 /* Release */,
			);
			defaultConfigurationIsVisible = 0;
			defaultConfigurationName = Release;
		};
/* End XCConfigurationList section */
	};
	rootObject = 0880100F2A1489B000FFCA18 /* Project object */;
}
